
Microsoft Visual Studio Solution File, Format Version 12.00
# Visual Studio Version 17
VisualStudioVersion = 17.0.31903.59
MinimumVisualStudioVersion = 10.0.40219.1
Project("{FAE04EC0-301F-11D3-BF4B-00C04F79EFBC}") = "IronHell.Core", "src\IronHell.Core\IronHell.Core.csproj", "{3A4B5C6D-7E8F-9012-3456-789ABCDEF012}"
EndProject
Project("{FAE04EC0-301F-11D3-BF4B-00C04F79EFBC}") = "IronHell.Core.Tests", "src\IronHell.Core.Tests\IronHell.Core.Tests.csproj", "{4B5C6D7E-8F90-1234-5678-9ABCDEF01234}"
EndProject
Global
	GlobalSection(SolutionConfigurationPlatforms) = preSolution
		Debug|Any CPU = Debug|Any CPU
		Release|Any CPU = Release|Any CPU
	EndGlobalSection
	GlobalSection(ProjectConfigurationPlatforms) = postSolution
		{3A4B5C6D-7E8F-9012-3456-789ABCDEF012}.Debug|Any CPU.ActiveCfg = Debug|Any CPU
		{3A4B5C6D-7E8F-9012-3456-789ABCDEF012}.Debug|Any CPU.Build.0 = Debug|Any CPU
		{3A4B5C6D-7E8F-9012-3456-789ABCDEF012}.Release|Any CPU.ActiveCfg = Release|Any CPU
		{3A4B5C6D-7E8F-9012-3456-789ABCDEF012}.Release|Any CPU.Build.0 = Release|Any CPU
		{4B5C6D7E-8F90-1234-5678-9ABCDEF01234}.Debug|Any CPU.ActiveCfg = Debug|Any CPU
		{4B5C6D7E-8F90-1234-5678-9ABCDEF01234}.Debug|Any CPU.Build.0 = Debug|Any CPU
		{4B5C6D7E-8F90-1234-5678-9ABCDEF01234}.Release|Any CPU.ActiveCfg = Release|Any CPU
		{4B5C6D7E-8F90-1234-5678-9ABCDEF01234}.Release|Any CPU.Build.0 = Release|Any CPU
	EndGlobalSection
EndGlobal
